
Microsoft Visual Studio Solution File, Format Version 12.00
# Visual Studio Version 17
VisualStudioVersion = 17.7.34003.232
MinimumVisualStudioVersion = 10.0.40219.1
Project("{8BC9CEB8-8B4A-11D0-8D11-00A0C91BC942}") = "CoercedPotato", "CoercedPotato.vcxproj", "{337ED7BE-969A-40C4-A356-BE99561F4633}"
EndProject
Global
	GlobalSection(SolutionConfigurationPlatforms) = preSolution
		Debug|x64 = Debug|x64
		Debug|x86 = Debug|x86
		Release|x64 = Release|x64
		Release|x86 = Release|x86
	EndGlobalSection
	GlobalSection(ProjectConfigurationPlatforms) = postSolution
		{337ED7BE-969A-40C4-A356-BE99561F4633}.Debug|x64.ActiveCfg = Debug|x64
		{337ED7BE-969A-40C4-A356-BE99561F4633}.Debug|x64.Build.0 = Debug|x64
		{337ED7BE-969A-40C4-A356-BE99561F4633}.Debug|x86.ActiveCfg = Debug|Win32
		{337ED7BE-969A-40C4-A356-BE99561F4633}.Debug|x86.Build.0 = Debug|Win32
		{337ED7BE-969A-40C4-A356-BE99561F4633}.Release|x64.ActiveCfg = Release|x64
		{337ED7BE-969A-40C4-A356-BE99561F4633}.Release|x64.Build.0 = Release|x64
		{337ED7BE-969A-40C4-A356-BE99561F4633}.Release|x86.ActiveCfg = Release|Win32
		{337ED7BE-969A-40C4-A356-BE99561F4633}.Release|x86.Build.0 = Release|Win32
	EndGlobalSection
	GlobalSection(SolutionProperties) = preSolution
		HideSolutionNode = FALSE
	EndGlobalSection
	GlobalSection(ExtensibilityGlobals) = postSolution
		SolutionGuid = {350DF1A2-5B35-4149-9CD5-3C27A4115BB9}
	EndGlobalSection
EndGlobal
